
Microsoft Visual Studio Solution File, Format Version 12.00
# Visual Studio 2012
Project("{8BC9CEB8-8B4A-11D0-8D11-00A0C91BC942}") = "myVector", "myVector.vcxproj", "{959F0BBA-377F-4B89-B99B-B18A3E1B453A}"
EndProject
Global
	GlobalSection(SolutionConfigurationPlatforms) = preSolution
		Debug|Win32 = Debug|Win32
		Release|Win32 = Release|Win32
	EndGlobalSection
	GlobalSection(ProjectConfigurationPlatforms) = postSolution
		{959F0BBA-377F-4B89-B99B-B18A3E1B453A}.Debug|Win32.ActiveCfg = Debug|Win32
		{959F0BBA-377F-4B89-B99B-B18A3E1B453A}.Debug|Win32.Build.0 = Debug|Win32
		{959F0BBA-377F-4B89-B99B-B18A3E1B453A}.Release|Win32.ActiveCfg = Release|Win32
		{959F0BBA-377F-4B89-B99B-B18A3E1B453A}.Release|Win32.Build.0 = Release|Win32
	EndGlobalSection
	GlobalSection(SolutionProperties) = preSolution
		HideSolutionNode = FALSE
	EndGlobalSection
EndGlobal
